// !$*UTF8*$!
{
	archiveVersion = 1;
	classes = {
	};
	objectVersion = 56;
	objects = {

/* Begin PBXBuildFile section */
		7BEEB91628FE400400B0334A /* CleanArchitectureMobileApp.swift in Sources */ = {isa = PBXBuildFile; fileRef = 7BEEB91528FE400400B0334A /* CleanArchitectureMobileApp.swift */; };
		7BEEB91828FE400400B0334A /* ContentView.swift in Sources */ = {isa = PBXBuildFile; fileRef = 7BEEB91728FE400400B0334A /* ContentView.swift */; };
		7BEEB91A28FE400500B0334A /* Assets.xcassets in Resources */ = {isa = PBXBuildFile; fileRef = 7BEEB91928FE400500B0334A /* Assets.xcassets */; };
		7BEEB91D28FE400500B0334A /* Preview Assets.xcassets in Resources */ = {isa = PBXBuildFile; fileRef = 7BEEB91C28FE400500B0334A /* Preview Assets.xcassets */; };
		7BEEB92728FE400500B0334A /* CleanArchitectureMobileTests.swift in Sources */ = {isa = PBXBuildFile; fileRef = 7BEEB92628FE400500B0334A /* CleanArchitectureMobileTests.swift */; };
		7BEEB93128FE400500B0334A /* CleanArchitectureMobileUITests.swift in Sources */ = {isa = PBXBuildFile; fileRef = 7BEEB93028FE400500B0334A /* CleanArchitectureMobileUITests.swift */; };
		7BEEB93328FE400500B0334A /* CleanArchitectureMobileUITestsLaunchTests.swift in Sources */ = {isa = PBXBuildFile; fileRef = 7BEEB93228FE400500B0334A /* CleanArchitectureMobileUITestsLaunchTests.swift */; };
/* End PBXBuildFile section */

/* Begin PBXContainerItemProxy section */
		7BEEB92328FE400500B0334A /* PBXContainerItemProxy */ = {
			isa = PBXContainerItemProxy;
			containerPortal = 7BEEB90A28FE400400B0334A /* Project object */;
			proxyType = 1;
			remoteGlobalIDString = 7BEEB91128FE400400B0334A;
			remoteInfo = CleanArchitectureMobile;
		};
		7BEEB92D28FE400500B0334A /* PBXContainerItemProxy */ = {
			isa = PBXContainerItemProxy;
			containerPortal = 7BEEB90A28FE400400B0334A /* Project object */;
			proxyType = 1;
			remoteGlobalIDString = 7BEEB91128FE400400B0334A;
			remoteInfo = CleanArchitectureMobile;
		};
/* End PBXContainerItemProxy section */

/* Begin PBXFileReference section */
		7BEEB91228FE400400B0334A /* CleanArchitectureMobile.app */ = {isa = PBXFileReference; explicitFileType = wrapper.application; includeInIndex = 0; path = CleanArchitectureMobile.app; sourceTree = BUILT_PRODUCTS_DIR; };
		7BEEB91528FE400400B0334A /* CleanArchitectureMobileApp.swift */ = {isa = PBXFileReference; lastKnownFileType = sourcecode.swift; path = CleanArchitectureMobileApp.swift; sourceTree = "<group>"; };
		7BEEB91728FE400400B0334A /* ContentView.swift */ = {isa = PBXFileReference; lastKnownFileType = sourcecode.swift; path = ContentView.swift; sourceTree = "<group>"; };
		7BEEB91928FE400500B0334A /* Assets.xcassets */ = {isa = PBXFileReference; lastKnownFileType = folder.assetcatalog; path = Assets.xcassets; sourceTree = "<group>"; };
		7BEEB91C28FE400500B0334A /* Preview Assets.xcassets */ = {isa = PBXFileReference; lastKnownFileType = folder.assetcatalog; path = "Preview Assets.xcassets"; sourceTree = "<group>"; };
		7BEEB92228FE400500B0334A /* CleanArchitectureMobileTests.xctest */ = {isa = PBXFileReference; explicitFileType = wrapper.cfbundle; includeInIndex = 0; path = CleanArchitectureMobileTests.xctest; sourceTree = BUILT_PRODUCTS_DIR; };
		7BEEB92628FE400500B0334A /* CleanArchitectureMobileTests.swift */ = {isa = PBXFileReference; lastKnownFileType = sourcecode.swift; path = CleanArchitectureMobileTests.swift; sourceTree = "<group>"; };
		7BEEB92C28FE400500B0334A /* CleanArchitectureMobileUITests.xctest */ = {isa = PBXFileReference; explicitFileType = wrapper.cfbundle; includeInIndex = 0; path = CleanArchitectureMobileUITests.xctest; sourceTree = BUILT_PRODUCTS_DIR; };
		7BEEB93028FE400500B0334A /* CleanArchitectureMobileUITests.swift */ = {isa = PBXFileReference; lastKnownFileType = sourcecode.swift; path = CleanArchitectureMobileUITests.swift; sourceTree = "<group>"; };
		7BEEB93228FE400500B0334A /* CleanArchitectureMobileUITestsLaunchTests.swift */ = {isa = PBXFileReference; lastKnownFileType = sourcecode.swift; path = CleanArchitectureMobileUITestsLaunchTests.swift; sourceTree = "<group>"; };
/* End PBXFileReference section */

/* Begin PBXFrameworksBuildPhase section */
		7BEEB90F28FE400400B0334A /* Frameworks */ = {
			isa = PBXFrameworksBuildPhase;
			buildActionMask = 2147483647;
			files = (
			);
			runOnlyForDeploymentPostprocessing = 0;
		};
		7BEEB91F28FE400500B0334A /* Frameworks */ = {
			isa = PBXFrameworksBuildPhase;
			buildActionMask = 2147483647;
			files = (
			);
			runOnlyForDeploymentPostprocessing = 0;
		};
		7BEEB92928FE400500B0334A /* Frameworks */ = {
			isa = PBXFrameworksBuildPhase;
			buildActionMask = 2147483647;
			files = (
			);
			runOnlyForDeploymentPostprocessing = 0;
		};
/* End PBXFrameworksBuildPhase section */

/* Begin PBXGroup section */
		7BEEB90928FE400400B0334A = {
			isa = PBXGroup;
			children = (
				7BEEB91428FE400400B0334A /* CleanArchitectureMobile */,
				7BEEB92528FE400500B0334A /* CleanArchitectureMobileTests */,
				7BEEB92F28FE400500B0334A /* CleanArchitectureMobileUITests */,
				7BEEB91328FE400400B0334A /* Products */,
			);
			sourceTree = "<group>";
		};
		7BEEB91328FE400400B0334A /* Products */ = {
			isa = PBXGroup;
			children = (
				7BEEB91228FE400400B0334A /* CleanArchitectureMobile.app */,
				7BEEB92228FE400500B0334A /* CleanArchitectureMobileTests.xctest */,
				7BEEB92C28FE400500B0334A /* CleanArchitectureMobileUITests.xctest */,
			);
			name = Products;
			sourceTree = "<group>";
		};
		7BEEB91428FE400400B0334A /* CleanArchitectureMobile */ = {
			isa = PBXGroup;
			children = (
				7BEEB91528FE400400B0334A /* CleanArchitectureMobileApp.swift */,
				7BEEB91728FE400400B0334A /* ContentView.swift */,
				7BEEB91928FE400500B0334A /* Assets.xcassets */,
				7BEEB91B28FE400500B0334A /* Preview Content */,
			);
			path = CleanArchitectureMobile;
			sourceTree = "<group>";
		};
		7BEEB91B28FE400500B0334A /* Preview Content */ = {
			isa = PBXGroup;
			children = (
				7BEEB91C28FE400500B0334A /* Preview Assets.xcassets */,
			);
			path = "Preview Content";
			sourceTree = "<group>";
		};
		7BEEB92528FE400500B0334A /* CleanArchitectureMobileTests */ = {
			isa = PBXGroup;
			children = (
				7BEEB92628FE400500B0334A /* CleanArchitectureMobileTests.swift */,
			);
			path = CleanArchitectureMobileTests;
			sourceTree = "<group>";
		};
		7BEEB92F28FE400500B0334A /* CleanArchitectureMobileUITests */ = {
			isa = PBXGroup;
			children = (
				7BEEB93028FE400500B0334A /* CleanArchitectureMobileUITests.swift */,
				7BEEB93228FE400500B0334A /* CleanArchitectureMobileUITestsLaunchTests.swift */,
			);
			path = CleanArchitectureMobileUITests;
			sourceTree = "<group>";
		};
/* End PBXGroup section */

/* Begin PBXNativeTarget section */
		7BEEB91128FE400400B0334A /* CleanArchitectureMobile */ = {
			isa = PBXNativeTarget;
			buildConfigurationList = 7BEEB93628FE400500B0334A /* Build configuration list for PBXNativeTarget "CleanArchitectureMobile" */;
			buildPhases = (
				7BEEB90E28FE400400B0334A /* Sources */,
				7BEEB90F28FE400400B0334A /* Frameworks */,
				7BEEB91028FE400400B0334A /* Resources */,
			);
			buildRules = (
			);
			dependencies = (
			);
			name = CleanArchitectureMobile;
			productName = CleanArchitectureMobile;
			productReference = 7BEEB91228FE400400B0334A /* CleanArchitectureMobile.app */;
			productType = "com.apple.product-type.application";
		};
		7BEEB92128FE400500B0334A /* CleanArchitectureMobileTests */ = {
			isa = PBXNativeTarget;
			buildConfigurationList = 7BEEB93928FE400500B0334A /* Build configuration list for PBXNativeTarget "CleanArchitectureMobileTests" */;
			buildPhases = (
				7BEEB91E28FE400500B0334A /* Sources */,
				7BEEB91F28FE400500B0334A /* Frameworks */,
				7BEEB92028FE400500B0334A /* Resources */,
			);
			buildRules = (
			);
			dependencies = (
				7BEEB92428FE400500B0334A /* PBXTargetDependency */,
			);
			name = CleanArchitectureMobileTests;
			productName = CleanArchitectureMobileTests;
			productReference = 7BEEB92228FE400500B0334A /* CleanArchitectureMobileTests.xctest */;
			productType = "com.apple.product-type.bundle.unit-test";
		};
		7BEEB92B28FE400500B0334A /* CleanArchitectureMobileUITests */ = {
			isa = PBXNativeTarget;
			buildConfigurationList = 7BEEB93C28FE400500B0334A /* Build configuration list for PBXNativeTarget "CleanArchitectureMobileUITests" */;
			buildPhases = (
				7BEEB92828FE400500B0334A /* Sources */,
				7BEEB92928FE400500B0334A /* Frameworks */,
				7BEEB92A28FE400500B0334A /* Resources */,
			);
			buildRules = (
			);
			dependencies = (
				7BEEB92E28FE400500B0334A /* PBXTargetDependency */,
			);
			name = CleanArchitectureMobileUITests;
			productName = CleanArchitectureMobileUITests;
			productReference = 7BEEB92C28FE400500B0334A /* CleanArchitectureMobileUITests.xctest */;
			productType = "com.apple.product-type.bundle.ui-testing";
		};
/* End PBXNativeTarget section */

/* Begin PBXProject section */
		7BEEB90A28FE400400B0334A /* Project object */ = {
			isa = PBXProject;
			attributes = {
				BuildIndependentTargetsInParallel = 1;
				LastSwiftUpdateCheck = 1400;
				LastUpgradeCheck = 1400;
				TargetAttributes = {
					7BEEB91128FE400400B0334A = {
						CreatedOnToolsVersion = 14.0;
					};
					7BEEB92128FE400500B0334A = {
						CreatedOnToolsVersion = 14.0;
						TestTargetID = 7BEEB91128FE400400B0334A;
					};
					7BEEB92B28FE400500B0334A = {
						CreatedOnToolsVersion = 14.0;
						TestTargetID = 7BEEB91128FE400400B0334A;
					};
				};
			};
			buildConfigurationList = 7BEEB90D28FE400400B0334A /* Build configuration list for PBXProject "CleanArchitectureMobile" */;
			compatibilityVersion = "Xcode 14.0";
			developmentRegion = en;
			hasScannedForEncodings = 0;
			knownRegions = (
				en,
				Base,
			);
			mainGroup = 7BEEB90928FE400400B0334A;
			productRefGroup = 7BEEB91328FE400400B0334A /* Products */;
			projectDirPath = "";
			projectRoot = "";
			targets = (
				7BEEB91128FE400400B0334A /* CleanArchitectureMobile */,
				7BEEB92128FE400500B0334A /* CleanArchitectureMobileTests */,
				7BEEB92B28FE400500B0334A /* CleanArchitectureMobileUITests */,
			);
		};
/* End PBXProject section */

/* Begin PBXResourcesBuildPhase section */
		7BEEB91028FE400400B0334A /* Resources */ = {
			isa = PBXResourcesBuildPhase;
			buildActionMask = 2147483647;
			files = (
				7BEEB91D28FE400500B0334A /* Preview Assets.xcassets in Resources */,
				7BEEB91A28FE400500B0334A /* Assets.xcassets in Resources */,
			);
			runOnlyForDeploymentPostprocessing = 0;
		};
		7BEEB92028FE400500B0334A /* Resources */ = {
			isa = PBXResourcesBuildPhase;
			buildActionMask = 2147483647;
			files = (
			);
			runOnlyForDeploymentPostprocessing = 0;
		};
		7BEEB92A28FE400500B0334A /* Resources */ = {
			isa = PBXResourcesBuildPhase;
			buildActionMask = 2147483647;
			files = (
			);
			runOnlyForDeploymentPostprocessing = 0;
		};
/* End PBXResourcesBuildPhase section */

/* Begin PBXSourcesBuildPhase section */
		7BEEB90E28FE400400B0334A /* Sources */ = {
			isa = PBXSourcesBuildPhase;
			buildActionMask = 2147483647;
			files = (
				7BEEB91828FE400400B0334A /* ContentView.swift in Sources */,
				7BEEB91628FE400400B0334A /* CleanArchitectureMobileApp.swift in Sources */,
			);
			runOnlyForDeploymentPostprocessing = 0;
		};
		7BEEB91E28FE400500B0334A /* Sources */ = {
			isa = PBXSourcesBuildPhase;
			buildActionMask = 2147483647;
			files = (
				7BEEB92728FE400500B0334A /* CleanArchitectureMobileTests.swift in Sources */,
			);
			runOnlyForDeploymentPostprocessing = 0;
		};
		7BEEB92828FE400500B0334A /* Sources */ = {
			isa = PBXSourcesBuildPhase;
			buildActionMask = 2147483647;
			files = (
				7BEEB93128FE400500B0334A /* CleanArchitectureMobileUITests.swift in Sources */,
				7BEEB93328FE400500B0334A /* CleanArchitectureMobileUITestsLaunchTests.swift in Sources */,
			);
			runOnlyForDeploymentPostprocessing = 0;
		};
/* End PBXSourcesBuildPhase section */

/* Begin PBXTargetDependency section */
		7BEEB92428FE400500B0334A /* PBXTargetDependency */ = {
			isa = PBXTargetDependency;
			target = 7BEEB91128FE400400B0334A /* CleanArchitectureMobile */;
			targetProxy = 7BEEB92328FE400500B0334A /* PBXContainerItemProxy */;
		};
		7BEEB92E28FE400500B0334A /* PBXTargetDependency */ = {
			isa = PBXTargetDependency;
			target = 7BEEB91128FE400400B0334A /* CleanArchitectureMobile */;
			targetProxy = 7BEEB92D28FE400500B0334A /* PBXContainerItemProxy */;
		};
/* End PBXTargetDependency section */

/* Begin XCBuildConfiguration section */
		7BEEB93428FE400500B0334A /* Debug */ = {
			isa = XCBuildConfiguration;
			buildSettings = {
				ALWAYS_SEARCH_USER_PATHS = NO;
				CLANG_ANALYZER_NONNULL = YES;
				CLANG_ANALYZER_NUMBER_OBJECT_CONVERSION = YES_AGGRESSIVE;
				CLANG_CXX_LANGUAGE_STANDARD = "gnu++20";
				CLANG_ENABLE_MODULES = YES;
				CLANG_ENABLE_OBJC_ARC = YES;
				CLANG_ENABLE_OBJC_WEAK = YES;
				CLANG_WARN_BLOCK_CAPTURE_AUTORELEASING = YES;
				CLANG_WARN_BOOL_CONVERSION = YES;
				CLANG_WARN_COMMA = YES;
				CLANG_WARN_CONSTANT_CONVERSION = YES;
				CLANG_WARN_DEPRECATED_OBJC_IMPLEMENTATIONS = YES;
				CLANG_WARN_DIRECT_OBJC_ISA_USAGE = YES_ERROR;
				CLANG_WARN_DOCUMENTATION_COMMENTS = YES;
				CLANG_WARN_EMPTY_BODY = YES;
				CLANG_WARN_ENUM_CONVERSION = YES;
				CLANG_WARN_INFINITE_RECURSION = YES;
				CLANG_WARN_INT_CONVERSION = YES;
				CLANG_WARN_NON_LITERAL_NULL_CONVERSION = YES;
				CLANG_WARN_OBJC_IMPLICIT_RETAIN_SELF = YES;
				CLANG_WARN_OBJC_LITERAL_CONVERSION = YES;
				CLANG_WARN_OBJC_ROOT_CLASS = YES_ERROR;
				CLANG_WARN_QUOTED_INCLUDE_IN_FRAMEWORK_HEADER = YES;
				CLANG_WARN_RANGE_LOOP_ANALYSIS = YES;
				CLANG_WARN_STRICT_PROTOTYPES = YES;
				CLANG_WARN_SUSPICIOUS_MOVE = YES;
				CLANG_WARN_UNGUARDED_AVAILABILITY = YES_AGGRESSIVE;
				CLANG_WARN_UNREACHABLE_CODE = YES;
				CLANG_WARN__DUPLICATE_METHOD_MATCH = YES;
				COPY_PHASE_STRIP = NO;
				DEBUG_INFORMATION_FORMAT = dwarf;
				ENABLE_STRICT_OBJC_MSGSEND = YES;
				ENABLE_TESTABILITY = YES;
				GCC_C_LANGUAGE_STANDARD = gnu11;
				GCC_DYNAMIC_NO_PIC = NO;
				GCC_NO_COMMON_BLOCKS = YES;
				GCC_OPTIMIZATION_LEVEL = 0;
				GCC_PREPROCESSOR_DEFINITIONS = (
					"DEBUG=1",
					"$(inherited)",
				);
				GCC_WARN_64_TO_32_BIT_CONVERSION = YES;
				GCC_WARN_ABOUT_RETURN_TYPE = YES_ERROR;
				GCC_WARN_UNDECLARED_SELECTOR = YES;
				GCC_WARN_UNINITIALIZED_AUTOS = YES_AGGRESSIVE;
				GCC_WARN_UNUSED_FUNCTION = YES;
				GCC_WARN_UNUSED_VARIABLE = YES;
				IPHONEOS_DEPLOYMENT_TARGET = 16.0;
				MTL_ENABLE_DEBUG_INFO = INCLUDE_SOURCE;
				MTL_FAST_MATH = YES;
				ONLY_ACTIVE_ARCH = YES;
				SDKROOT = iphoneos;
				SWIFT_ACTIVE_COMPILATION_CONDITIONS = DEBUG;
				SWIFT_OPTIMIZATION_LEVEL = "-Onone";
			};
			name = Debug;
		};
		7BEEB93528FE400500B0334A /* Release */ = {
			isa = XCBuildConfiguration;
			buildSettings = {
				ALWAYS_SEARCH_USER_PATHS = NO;
				CLANG_ANALYZER_NONNULL = YES;
				CLANG_ANALYZER_NUMBER_OBJECT_CONVERSION = YES_AGGRESSIVE;
				CLANG_CXX_LANGUAGE_STANDARD = "gnu++20";
				CLANG_ENABLE_MODULES = YES;
				CLANG_ENABLE_OBJC_ARC = YES;
				CLANG_ENABLE_OBJC_WEAK = YES;
				CLANG_WARN_BLOCK_CAPTURE_AUTORELEASING = YES;
				CLANG_WARN_BOOL_CONVERSION = YES;
				CLANG_WARN_COMMA = YES;
				CLANG_WARN_CONSTANT_CONVERSION = YES;
				CLANG_WARN_DEPRECATED_OBJC_IMPLEMENTATIONS = YES;
				CLANG_WARN_DIRECT_OBJC_ISA_USAGE = YES_ERROR;
				CLANG_WARN_DOCUMENTATION_COMMENTS = YES;
				CLANG_WARN_EMPTY_BODY = YES;
				CLANG_WARN_ENUM_CONVERSION = YES;
				CLANG_WARN_INFINITE_RECURSION = YES;
				CLANG_WARN_INT_CONVERSION = YES;
				CLANG_WARN_NON_LITERAL_NULL_CONVERSION = YES;
				CLANG_WARN_OBJC_IMPLICIT_RETAIN_SELF = YES;
				CLANG_WARN_OBJC_LITERAL_CONVERSION = YES;
				CLANG_WARN_OBJC_ROOT_CLASS = YES_ERROR;
				CLANG_WARN_QUOTED_INCLUDE_IN_FRAMEWORK_HEADER = YES;
				CLANG_WARN_RANGE_LOOP_ANALYSIS = YES;
				CLANG_WARN_STRICT_PROTOTYPES = YES;
				CLANG_WARN_SUSPICIOUS_MOVE = YES;
				CLANG_WARN_UNGUARDED_AVAILABILITY = YES_AGGRESSIVE;
				CLANG_WARN_UNREACHABLE_CODE = YES;
				CLANG_WARN__DUPLICATE_METHOD_MATCH = YES;
				COPY_PHASE_STRIP = NO;
				DEBUG_INFORMATION_FORMAT = "dwarf-with-dsym";
				ENABLE_NS_ASSERTIONS = NO;
				ENABLE_STRICT_OBJC_MSGSEND = YES;
				GCC_C_LANGUAGE_STANDARD = gnu11;
				GCC_NO_COMMON_BLOCKS = YES;
				GCC_WARN_64_TO_32_BIT_CONVERSION = YES;
				GCC_WARN_ABOUT_RETURN_TYPE = YES_ERROR;
				GCC_WARN_UNDECLARED_SELECTOR = YES;
				GCC_WARN_UNINITIALIZED_AUTOS = YES_AGGRESSIVE;
				GCC_WARN_UNUSED_FUNCTION = YES;
				GCC_WARN_UNUSED_VARIABLE = YES;
				IPHONEOS_DEPLOYMENT_TARGET = 16.0;
				MTL_ENABLE_DEBUG_INFO = NO;
				MTL_FAST_MATH = YES;
				SDKROOT = iphoneos;
				SWIFT_COMPILATION_MODE = wholemodule;
				SWIFT_OPTIMIZATION_LEVEL = "-O";
				VALIDATE_PRODUCT = YES;
			};
			name = Release;
		};
		7BEEB93728FE400500B0334A /* Debug */ = {
			isa = XCBuildConfiguration;
			buildSettings = {
				ASSETCATALOG_COMPILER_APPICON_NAME = AppIcon;
				ASSETCATALOG_COMPILER_GLOBAL_ACCENT_COLOR_NAME = AccentColor;
				CODE_SIGN_STYLE = Automatic;
				CURRENT_PROJECT_VERSION = 1;
				DEVELOPMENT_ASSET_PATHS = "\"CleanArchitectureMobile/Preview Content\"";
				DEVELOPMENT_TEAM = U2RRJBJ9M2;
				ENABLE_PREVIEWS = YES;
				GENERATE_INFOPLIST_FILE = YES;
				INFOPLIST_KEY_UIApplicationSceneManifest_Generation = YES;
				INFOPLIST_KEY_UIApplicationSupportsIndirectInputEvents = YES;
				INFOPLIST_KEY_UILaunchScreen_Generation = YES;
				INFOPLIST_KEY_UISupportedInterfaceOrientations_iPad = "UIInterfaceOrientationPortrait UIInterfaceOrientationPortraitUpsideDown UIInterfaceOrientationLandscapeLeft UIInterfaceOrientationLandscapeRight";
				INFOPLIST_KEY_UISupportedInterfaceOrientations_iPhone = "UIInterfaceOrientationPortrait UIInterfaceOrientationLandscapeLeft UIInterfaceOrientationLandscapeRight";
				LD_RUNPATH_SEARCH_PATHS = (
					"$(inherited)",
					"@executable_path/Frameworks",
				);
				MARKETING_VERSION = 1.0;
				PRODUCT_BUNDLE_IDENTIFIER = "gomes-matheus.CleanArchitectureMobile";
				PRODUCT_NAME = "$(TARGET_NAME)";
				SWIFT_EMIT_LOC_STRINGS = YES;
				SWIFT_VERSION = 5.0;
				TARGETED_DEVICE_FAMILY = "1,2";
			};
			name = Debug;
		};
		7BEEB93828FE400500B0334A /* Release */ = {
			isa = XCBuildConfiguration;
			buildSettings = {
				ASSETCATALOG_COMPILER_APPICON_NAME = AppIcon;
				ASSETCATALOG_COMPILER_GLOBAL_ACCENT_COLOR_NAME = AccentColor;
				CODE_SIGN_STYLE = Automatic;
				CURRENT_PROJECT_VERSION = 1;
				DEVELOPMENT_ASSET_PATHS = "\"CleanArchitectureMobile/Preview Content\"";
				DEVELOPMENT_TEAM = U2RRJBJ9M2;
				ENABLE_PREVIEWS = YES;
				GENERATE_INFOPLIST_FILE = YES;
				INFOPLIST_KEY_UIApplicationSceneManifest_Generation = YES;
				INFOPLIST_KEY_UIApplicationSupportsIndirectInputEvents = YES;
				INFOPLIST_KEY_UILaunchScreen_Generation = YES;
				INFOPLIST_KEY_UISupportedInterfaceOrientations_iPad = "UIInterfaceOrientationPortrait UIInterfaceOrientationPortraitUpsideDown UIInterfaceOrientationLandscapeLeft UIInterfaceOrientationLandscapeRight";
				INFOPLIST_KEY_UISupportedInterfaceOrientations_iPhone = "UIInterfaceOrientationPortrait UIInterfaceOrientationLandscapeLeft UIInterfaceOrientationLandscapeRight";
				LD_RUNPATH_SEARCH_PATHS = (
					"$(inherited)",
					"@executable_path/Frameworks",
				);
				MARKETING_VERSION = 1.0;
				PRODUCT_BUNDLE_IDENTIFIER = "gomes-matheus.CleanArchitectureMobile";
				PRODUCT_NAME = "$(TARGET_NAME)";
				SWIFT_EMIT_LOC_STRINGS = YES;
				SWIFT_VERSION = 5.0;
				TARGETED_DEVICE_FAMILY = "1,2";
			};
			name = Release;
		};
		7BEEB93A28FE400500B0334A /* Debug */ = {
			isa = XCBuildConfiguration;
			buildSettings = {
				ALWAYS_EMBED_SWIFT_STANDARD_LIBRARIES = YES;
				BUNDLE_LOADER = "$(TEST_HOST)";
				CODE_SIGN_STYLE = Automatic;
				CURRENT_PROJECT_VERSION = 1;
				DEVELOPMENT_TEAM = U2RRJBJ9M2;
				GENERATE_INFOPLIST_FILE = YES;
				IPHONEOS_DEPLOYMENT_TARGET = 16.0;
				MARKETING_VERSION = 1.0;
				PRODUCT_BUNDLE_IDENTIFIER = "gomes-matheus.CleanArchitectureMobileTests";
				PRODUCT_NAME = "$(TARGET_NAME)";
				SWIFT_EMIT_LOC_STRINGS = NO;
				SWIFT_VERSION = 5.0;
				TARGETED_DEVICE_FAMILY = "1,2";
				TEST_HOST = "$(BUILT_PRODUCTS_DIR)/CleanArchitectureMobile.app/$(BUNDLE_EXECUTABLE_FOLDER_PATH)/CleanArchitectureMobile";
			};
			name = Debug;
		};
		7BEEB93B28FE400500B0334A /* Release */ = {
			isa = XCBuildConfiguration;
			buildSettings = {
				ALWAYS_EMBED_SWIFT_STANDARD_LIBRARIES = YES;
				BUNDLE_LOADER = "$(TEST_HOST)";
				CODE_SIGN_STYLE = Automatic;
				CURRENT_PROJECT_VERSION = 1;
				DEVELOPMENT_TEAM = U2RRJBJ9M2;
				GENERATE_INFOPLIST_FILE = YES;
				IPHONEOS_DEPLOYMENT_TARGET = 16.0;
				MARKETING_VERSION = 1.0;
				PRODUCT_BUNDLE_IDENTIFIER = "gomes-matheus.CleanArchitectureMobileTests";
				PRODUCT_NAME = "$(TARGET_NAME)";
				SWIFT_EMIT_LOC_STRINGS = NO;
				SWIFT_VERSION = 5.0;
				TARGETED_DEVICE_FAMILY = "1,2";
				TEST_HOST = "$(BUILT_PRODUCTS_DIR)/CleanArchitectureMobile.app/$(BUNDLE_EXECUTABLE_FOLDER_PATH)/CleanArchitectureMobile";
			};
			name = Release;
		};
		7BEEB93D28FE400500B0334A /* Debug */ = {
			isa = XCBuildConfiguration;
			buildSettings = {
				ALWAYS_EMBED_SWIFT_STANDARD_LIBRARIES = YES;
				CODE_SIGN_STYLE = Automatic;
				CURRENT_PROJECT_VERSION = 1;
				DEVELOPMENT_TEAM = U2RRJBJ9M2;
				GENERATE_INFOPLIST_FILE = YES;
				MARKETING_VERSION = 1.0;
				PRODUCT_BUNDLE_IDENTIFIER = "gomes-matheus.CleanArchitectureMobileUITests";
				PRODUCT_NAME = "$(TARGET_NAME)";
				SWIFT_EMIT_LOC_STRINGS = NO;
				SWIFT_VERSION = 5.0;
				TARGETED_DEVICE_FAMILY = "1,2";
				TEST_TARGET_NAME = CleanArchitectureMobile;
			};
			name = Debug;
		};
		7BEEB93E28FE400500B0334A /* Release */ = {
			isa = XCBuildConfiguration;
			buildSettings = {
				ALWAYS_EMBED_SWIFT_STANDARD_LIBRARIES = YES;
				CODE_SIGN_STYLE = Automatic;
				CURRENT_PROJECT_VERSION = 1;
				DEVELOPMENT_TEAM = U2RRJBJ9M2;
				GENERATE_INFOPLIST_FILE = YES;
				MARKETING_VERSION = 1.0;
				PRODUCT_BUNDLE_IDENTIFIER = "gomes-matheus.CleanArchitectureMobileUITests";
				PRODUCT_NAME = "$(TARGET_NAME)";
				SWIFT_EMIT_LOC_STRINGS = NO;
				SWIFT_VERSION = 5.0;
				TARGETED_DEVICE_FAMILY = "1,2";
				TEST_TARGET_NAME = CleanArchitectureMobile;
			};
			name = Release;
		};
/* End XCBuildConfiguration section */

/* Begin XCConfigurationList section */
		7BEEB90D28FE400400B0334A /* Build configuration list for PBXProject "CleanArchitectureMobile" */ = {
			isa = XCConfigurationList;
			buildConfigurations = (
				7BEEB93428FE400500B0334A /* Debug */,
				7BEEB93528FE400500B0334A /* Release */,
			);
			defaultConfigurationIsVisible = 0;
			defaultConfigurationName = Release;
		};
		7BEEB93628FE400500B0334A /* Build configuration list for PBXNativeTarget "CleanArchitectureMobile" */ = {
			isa = XCConfigurationList;
			buildConfigurations = (
				7BEEB93728FE400500B0334A /* Debug */,
				7BEEB93828FE400500B0334A /* Release */,
			);
			defaultConfigurationIsVisible = 0;
			defaultConfigurationName = Release;
		};
		7BEEB93928FE400500B0334A /* Build configuration list for PBXNativeTarget "CleanArchitectureMobileTests" */ = {
			isa = XCConfigurationList;
			buildConfigurations = (
				7BEEB93A28FE400500B0334A /* Debug */,
				7BEEB93B28FE400500B0334A /* Release */,
			);
			defaultConfigurationIsVisible = 0;
			defaultConfigurationName = Release;
		};
		7BEEB93C28FE400500B0334A /* Build configuration list for PBXNativeTarget "CleanArchitectureMobileUITests" */ = {
			isa = XCConfigurationList;
			buildConfigurations = (
				7BEEB93D28FE400500B0334A /* Debug */,
				7BEEB93E28FE400500B0334A /* Release */,
			);
			defaultConfigurationIsVisible = 0;
			defaultConfigurationName = Release;
		};
/* End XCConfigurationList section */
	};
	rootObject = 7BEEB90A28FE400400B0334A /* Project object */;
}
