// !$*UTF8*$!
{
	archiveVersion = 1;
	classes = {
	};
	objectVersion = 56;
	objects = {

/* Begin PBXBuildFile section */
		7B7D1D1E2925C3320006EA36 /* Data.docc in Sources */ = {isa = PBXBuildFile; fileRef = 7B7D1D1D2925C3320006EA36 /* Data.docc */; };
		7B7D1D242925C3330006EA36 /* Data.framework in Frameworks */ = {isa = PBXBuildFile; fileRef = 7B7D1D1A2925C3320006EA36 /* Data.framework */; };
		7B7D1D292925C3330006EA36 /* RemoteAddAccountTests.swift in Sources */ = {isa = PBXBuildFile; fileRef = 7B7D1D282925C3330006EA36 /* RemoteAddAccountTests.swift */; };
		7B7D1D322925C5750006EA36 /* Domain.framework in Frameworks */ = {isa = PBXBuildFile; fileRef = 7BEEB9442919E5E900B0334A /* Domain.framework */; };
		7B7D1D332925C5750006EA36 /* Domain.framework in Embed Frameworks */ = {isa = PBXBuildFile; fileRef = 7BEEB9442919E5E900B0334A /* Domain.framework */; settings = {ATTRIBUTES = (CodeSignOnCopy, RemoveHeadersOnCopy, ); }; };
		7B7D1D382925D6980006EA36 /* Model.swift in Sources */ = {isa = PBXBuildFile; fileRef = 7B7D1D372925D6980006EA36 /* Model.swift */; };
		7B7D1D3A2925D6C60006EA36 /* RemoteAddAccount.swift in Sources */ = {isa = PBXBuildFile; fileRef = 7B7D1D392925D6C60006EA36 /* RemoteAddAccount.swift */; };
		7B7D1D3C2925D7050006EA36 /* HttpPostClient.swift in Sources */ = {isa = PBXBuildFile; fileRef = 7B7D1D3B2925D7050006EA36 /* HttpPostClient.swift */; };
		7B9AA18E29270E2B00F329F7 /* DomainError.swift in Sources */ = {isa = PBXBuildFile; fileRef = 7B9AA18D29270E2B00F329F7 /* DomainError.swift */; };
		7B9AA1902927142F00F329F7 /* HttpError.swift in Sources */ = {isa = PBXBuildFile; fileRef = 7B9AA18F2927142F00F329F7 /* HttpError.swift */; };
		7BEEB94C2919E65F00B0334A /* AddAccount.swift in Sources */ = {isa = PBXBuildFile; fileRef = 7BEEB94B2919E65F00B0334A /* AddAccount.swift */; };
		7BEEB94E2919E78800B0334A /* AccountModel.swift in Sources */ = {isa = PBXBuildFile; fileRef = 7BEEB94D2919E78800B0334A /* AccountModel.swift */; };
/* End PBXBuildFile section */

/* Begin PBXContainerItemProxy section */
		7B7D1D252925C3330006EA36 /* PBXContainerItemProxy */ = {
			isa = PBXContainerItemProxy;
			containerPortal = 7BEEB90A28FE400400B0334A /* Project object */;
			proxyType = 1;
			remoteGlobalIDString = 7B7D1D192925C3320006EA36;
			remoteInfo = Data;
		};
		7B7D1D342925C5750006EA36 /* PBXContainerItemProxy */ = {
			isa = PBXContainerItemProxy;
			containerPortal = 7BEEB90A28FE400400B0334A /* Project object */;
			proxyType = 1;
			remoteGlobalIDString = 7BEEB9432919E5E900B0334A;
			remoteInfo = Domain;
		};
/* End PBXContainerItemProxy section */

/* Begin PBXCopyFilesBuildPhase section */
		7B7D1D362925C5750006EA36 /* Embed Frameworks */ = {
			isa = PBXCopyFilesBuildPhase;
			buildActionMask = 2147483647;
			dstPath = "";
			dstSubfolderSpec = 10;
			files = (
				7B7D1D332925C5750006EA36 /* Domain.framework in Embed Frameworks */,
			);
			name = "Embed Frameworks";
			runOnlyForDeploymentPostprocessing = 0;
		};
/* End PBXCopyFilesBuildPhase section */

/* Begin PBXFileReference section */
		7B7D1D1A2925C3320006EA36 /* Data.framework */ = {isa = PBXFileReference; explicitFileType = wrapper.framework; includeInIndex = 0; path = Data.framework; sourceTree = BUILT_PRODUCTS_DIR; };
		7B7D1D1D2925C3320006EA36 /* Data.docc */ = {isa = PBXFileReference; lastKnownFileType = folder.documentationcatalog; path = Data.docc; sourceTree = "<group>"; };
		7B7D1D232925C3330006EA36 /* DataTests.xctest */ = {isa = PBXFileReference; explicitFileType = wrapper.cfbundle; includeInIndex = 0; path = DataTests.xctest; sourceTree = BUILT_PRODUCTS_DIR; };
		7B7D1D282925C3330006EA36 /* RemoteAddAccountTests.swift */ = {isa = PBXFileReference; lastKnownFileType = sourcecode.swift; path = RemoteAddAccountTests.swift; sourceTree = "<group>"; };
		7B7D1D372925D6980006EA36 /* Model.swift */ = {isa = PBXFileReference; lastKnownFileType = sourcecode.swift; path = Model.swift; sourceTree = "<group>"; };
		7B7D1D392925D6C60006EA36 /* RemoteAddAccount.swift */ = {isa = PBXFileReference; lastKnownFileType = sourcecode.swift; path = RemoteAddAccount.swift; sourceTree = "<group>"; };
		7B7D1D3B2925D7050006EA36 /* HttpPostClient.swift */ = {isa = PBXFileReference; lastKnownFileType = sourcecode.swift; path = HttpPostClient.swift; sourceTree = "<group>"; };
		7B9AA18D29270E2B00F329F7 /* DomainError.swift */ = {isa = PBXFileReference; lastKnownFileType = sourcecode.swift; path = DomainError.swift; sourceTree = "<group>"; };
		7B9AA18F2927142F00F329F7 /* HttpError.swift */ = {isa = PBXFileReference; lastKnownFileType = sourcecode.swift; path = HttpError.swift; sourceTree = "<group>"; };
		7BEEB9442919E5E900B0334A /* Domain.framework */ = {isa = PBXFileReference; explicitFileType = wrapper.framework; includeInIndex = 0; path = Domain.framework; sourceTree = BUILT_PRODUCTS_DIR; };
		7BEEB94B2919E65F00B0334A /* AddAccount.swift */ = {isa = PBXFileReference; lastKnownFileType = sourcecode.swift; path = AddAccount.swift; sourceTree = "<group>"; };
		7BEEB94D2919E78800B0334A /* AccountModel.swift */ = {isa = PBXFileReference; lastKnownFileType = sourcecode.swift; path = AccountModel.swift; sourceTree = "<group>"; };
/* End PBXFileReference section */

/* Begin PBXFrameworksBuildPhase section */
		7B7D1D172925C3320006EA36 /* Frameworks */ = {
			isa = PBXFrameworksBuildPhase;
			buildActionMask = 2147483647;
			files = (
				7B7D1D322925C5750006EA36 /* Domain.framework in Frameworks */,
			);
			runOnlyForDeploymentPostprocessing = 0;
		};
		7B7D1D202925C3330006EA36 /* Frameworks */ = {
			isa = PBXFrameworksBuildPhase;
			buildActionMask = 2147483647;
			files = (
				7B7D1D242925C3330006EA36 /* Data.framework in Frameworks */,
			);
			runOnlyForDeploymentPostprocessing = 0;
		};
		7BEEB9412919E5E900B0334A /* Frameworks */ = {
			isa = PBXFrameworksBuildPhase;
			buildActionMask = 2147483647;
			files = (
			);
			runOnlyForDeploymentPostprocessing = 0;
		};
/* End PBXFrameworksBuildPhase section */

/* Begin PBXGroup section */
		7B7D1D1B2925C3320006EA36 /* Data */ = {
			isa = PBXGroup;
			children = (
				7B7D1D1D2925C3320006EA36 /* Data.docc */,
				7B7D1D3F2925D8940006EA36 /* UseCases */,
				7B7D1D402925D8B00006EA36 /* Http */,
			);
			path = Data;
			sourceTree = "<group>";
		};
		7B7D1D272925C3330006EA36 /* DataTests */ = {
			isa = PBXGroup;
			children = (
				7B7D1D412925D8BE0006EA36 /* UseCases */,
			);
			path = DataTests;
			sourceTree = "<group>";
		};
		7B7D1D312925C5750006EA36 /* Frameworks */ = {
			isa = PBXGroup;
			children = (
			);
			name = Frameworks;
			sourceTree = "<group>";
		};
		7B7D1D3D2925D8670006EA36 /* UseCases */ = {
			isa = PBXGroup;
			children = (
				7BEEB94B2919E65F00B0334A /* AddAccount.swift */,
			);
			path = UseCases;
			sourceTree = "<group>";
		};
		7B7D1D3E2925D8780006EA36 /* Models */ = {
			isa = PBXGroup;
			children = (
				7BEEB94D2919E78800B0334A /* AccountModel.swift */,
				7B7D1D372925D6980006EA36 /* Model.swift */,
			);
			path = Models;
			sourceTree = "<group>";
		};
		7B7D1D3F2925D8940006EA36 /* UseCases */ = {
			isa = PBXGroup;
			children = (
				7B7D1D392925D6C60006EA36 /* RemoteAddAccount.swift */,
			);
			name = UseCases;
			sourceTree = "<group>";
		};
		7B7D1D402925D8B00006EA36 /* Http */ = {
			isa = PBXGroup;
			children = (
				7B7D1D3B2925D7050006EA36 /* HttpPostClient.swift */,
				7B9AA18F2927142F00F329F7 /* HttpError.swift */,
			);
			name = Http;
			sourceTree = "<group>";
		};
		7B7D1D412925D8BE0006EA36 /* UseCases */ = {
			isa = PBXGroup;
			children = (
				7B7D1D282925C3330006EA36 /* RemoteAddAccountTests.swift */,
			);
			path = UseCases;
			sourceTree = "<group>";
		};
		7B9AA18C29270E1A00F329F7 /* Errors */ = {
			isa = PBXGroup;
			children = (
				7B9AA18D29270E2B00F329F7 /* DomainError.swift */,
			);
			path = Errors;
			sourceTree = "<group>";
		};
		7BEEB90928FE400400B0334A = {
			isa = PBXGroup;
			children = (
				7BEEB9452919E5E900B0334A /* Domain */,
				7B7D1D1B2925C3320006EA36 /* Data */,
				7B7D1D272925C3330006EA36 /* DataTests */,
				7BEEB91328FE400400B0334A /* Products */,
				7B7D1D312925C5750006EA36 /* Frameworks */,
			);
			sourceTree = "<group>";
		};
		7BEEB91328FE400400B0334A /* Products */ = {
			isa = PBXGroup;
			children = (
				7BEEB9442919E5E900B0334A /* Domain.framework */,
				7B7D1D1A2925C3320006EA36 /* Data.framework */,
				7B7D1D232925C3330006EA36 /* DataTests.xctest */,
			);
			name = Products;
			sourceTree = "<group>";
		};
		7BEEB9452919E5E900B0334A /* Domain */ = {
			isa = PBXGroup;
			children = (
				7B9AA18C29270E1A00F329F7 /* Errors */,
				7B7D1D3D2925D8670006EA36 /* UseCases */,
				7B7D1D3E2925D8780006EA36 /* Models */,
			);
			path = Domain;
			sourceTree = "<group>";
		};
/* End PBXGroup section */

/* Begin PBXHeadersBuildPhase section */
		7B7D1D152925C3320006EA36 /* Headers */ = {
			isa = PBXHeadersBuildPhase;
			buildActionMask = 2147483647;
			files = (
			);
			runOnlyForDeploymentPostprocessing = 0;
		};
		7BEEB93F2919E5E900B0334A /* Headers */ = {
			isa = PBXHeadersBuildPhase;
			buildActionMask = 2147483647;
			files = (
			);
			runOnlyForDeploymentPostprocessing = 0;
		};
/* End PBXHeadersBuildPhase section */

/* Begin PBXNativeTarget section */
		7B7D1D192925C3320006EA36 /* Data */ = {
			isa = PBXNativeTarget;
			buildConfigurationList = 7B7D1D2F2925C3330006EA36 /* Build configuration list for PBXNativeTarget "Data" */;
			buildPhases = (
				7B7D1D152925C3320006EA36 /* Headers */,
				7B7D1D162925C3320006EA36 /* Sources */,
				7B7D1D172925C3320006EA36 /* Frameworks */,
				7B7D1D182925C3320006EA36 /* Resources */,
				7B7D1D362925C5750006EA36 /* Embed Frameworks */,
			);
			buildRules = (
			);
			dependencies = (
				7B7D1D352925C5750006EA36 /* PBXTargetDependency */,
			);
			name = Data;
			productName = Data;
			productReference = 7B7D1D1A2925C3320006EA36 /* Data.framework */;
			productType = "com.apple.product-type.framework";
		};
		7B7D1D222925C3330006EA36 /* DataTests */ = {
			isa = PBXNativeTarget;
			buildConfigurationList = 7B7D1D302925C3330006EA36 /* Build configuration list for PBXNativeTarget "DataTests" */;
			buildPhases = (
				7B7D1D1F2925C3330006EA36 /* Sources */,
				7B7D1D202925C3330006EA36 /* Frameworks */,
				7B7D1D212925C3330006EA36 /* Resources */,
			);
			buildRules = (
			);
			dependencies = (
				7B7D1D262925C3330006EA36 /* PBXTargetDependency */,
			);
			name = DataTests;
			productName = DataTests;
			productReference = 7B7D1D232925C3330006EA36 /* DataTests.xctest */;
			productType = "com.apple.product-type.bundle.unit-test";
		};
		7BEEB9432919E5E900B0334A /* Domain */ = {
			isa = PBXNativeTarget;
			buildConfigurationList = 7BEEB9482919E5E900B0334A /* Build configuration list for PBXNativeTarget "Domain" */;
			buildPhases = (
				7BEEB93F2919E5E900B0334A /* Headers */,
				7BEEB9402919E5E900B0334A /* Sources */,
				7BEEB9412919E5E900B0334A /* Frameworks */,
				7BEEB9422919E5E900B0334A /* Resources */,
			);
			buildRules = (
			);
			dependencies = (
			);
			name = Domain;
			productName = Domain;
			productReference = 7BEEB9442919E5E900B0334A /* Domain.framework */;
			productType = "com.apple.product-type.framework";
		};
/* End PBXNativeTarget section */

/* Begin PBXProject section */
		7BEEB90A28FE400400B0334A /* Project object */ = {
			isa = PBXProject;
			attributes = {
				BuildIndependentTargetsInParallel = 1;
				LastSwiftUpdateCheck = 1400;
				LastUpgradeCheck = 1400;
				TargetAttributes = {
					7B7D1D192925C3320006EA36 = {
						CreatedOnToolsVersion = 14.0;
					};
					7B7D1D222925C3330006EA36 = {
						CreatedOnToolsVersion = 14.0;
					};
					7BEEB9432919E5E900B0334A = {
						CreatedOnToolsVersion = 14.0;
						LastSwiftMigration = 1400;
					};
				};
			};
			buildConfigurationList = 7BEEB90D28FE400400B0334A /* Build configuration list for PBXProject "CleanArchitectureMobile" */;
			compatibilityVersion = "Xcode 14.0";
			developmentRegion = en;
			hasScannedForEncodings = 0;
			knownRegions = (
				en,
				Base,
			);
			mainGroup = 7BEEB90928FE400400B0334A;
			productRefGroup = 7BEEB91328FE400400B0334A /* Products */;
			projectDirPath = "";
			projectRoot = "";
			targets = (
				7BEEB9432919E5E900B0334A /* Domain */,
				7B7D1D192925C3320006EA36 /* Data */,
				7B7D1D222925C3330006EA36 /* DataTests */,
			);
		};
/* End PBXProject section */

/* Begin PBXResourcesBuildPhase section */
		7B7D1D182925C3320006EA36 /* Resources */ = {
			isa = PBXResourcesBuildPhase;
			buildActionMask = 2147483647;
			files = (
			);
			runOnlyForDeploymentPostprocessing = 0;
		};
		7B7D1D212925C3330006EA36 /* Resources */ = {
			isa = PBXResourcesBuildPhase;
			buildActionMask = 2147483647;
			files = (
			);
			runOnlyForDeploymentPostprocessing = 0;
		};
		7BEEB9422919E5E900B0334A /* Resources */ = {
			isa = PBXResourcesBuildPhase;
			buildActionMask = 2147483647;
			files = (
			);
			runOnlyForDeploymentPostprocessing = 0;
		};
/* End PBXResourcesBuildPhase section */

/* Begin PBXSourcesBuildPhase section */
		7B7D1D162925C3320006EA36 /* Sources */ = {
			isa = PBXSourcesBuildPhase;
			buildActionMask = 2147483647;
			files = (
				7B9AA1902927142F00F329F7 /* HttpError.swift in Sources */,
				7B7D1D1E2925C3320006EA36 /* Data.docc in Sources */,
				7B7D1D3C2925D7050006EA36 /* HttpPostClient.swift in Sources */,
				7B7D1D3A2925D6C60006EA36 /* RemoteAddAccount.swift in Sources */,
			);
			runOnlyForDeploymentPostprocessing = 0;
		};
		7B7D1D1F2925C3330006EA36 /* Sources */ = {
			isa = PBXSourcesBuildPhase;
			buildActionMask = 2147483647;
			files = (
				7B7D1D292925C3330006EA36 /* RemoteAddAccountTests.swift in Sources */,
			);
			runOnlyForDeploymentPostprocessing = 0;
		};
		7BEEB9402919E5E900B0334A /* Sources */ = {
			isa = PBXSourcesBuildPhase;
			buildActionMask = 2147483647;
			files = (
				7B7D1D382925D6980006EA36 /* Model.swift in Sources */,
				7BEEB94C2919E65F00B0334A /* AddAccount.swift in Sources */,
				7B9AA18E29270E2B00F329F7 /* DomainError.swift in Sources */,
				7BEEB94E2919E78800B0334A /* AccountModel.swift in Sources */,
			);
			runOnlyForDeploymentPostprocessing = 0;
		};
/* End PBXSourcesBuildPhase section */

/* Begin PBXTargetDependency section */
		7B7D1D262925C3330006EA36 /* PBXTargetDependency */ = {
			isa = PBXTargetDependency;
			target = 7B7D1D192925C3320006EA36 /* Data */;
			targetProxy = 7B7D1D252925C3330006EA36 /* PBXContainerItemProxy */;
		};
		7B7D1D352925C5750006EA36 /* PBXTargetDependency */ = {
			isa = PBXTargetDependency;
			target = 7BEEB9432919E5E900B0334A /* Domain */;
			targetProxy = 7B7D1D342925C5750006EA36 /* PBXContainerItemProxy */;
		};
/* End PBXTargetDependency section */

/* Begin XCBuildConfiguration section */
		7B7D1D2B2925C3330006EA36 /* Debug */ = {
			isa = XCBuildConfiguration;
			buildSettings = {
				CODE_SIGN_STYLE = Automatic;
				COMBINE_HIDPI_IMAGES = YES;
				CURRENT_PROJECT_VERSION = 1;
				DEFINES_MODULE = YES;
				DEVELOPMENT_TEAM = U2RRJBJ9M2;
				DYLIB_COMPATIBILITY_VERSION = 1;
				DYLIB_CURRENT_VERSION = 1;
				DYLIB_INSTALL_NAME_BASE = "@rpath";
				GENERATE_INFOPLIST_FILE = YES;
				INFOPLIST_KEY_NSHumanReadableCopyright = "";
				INSTALL_PATH = "$(LOCAL_LIBRARY_DIR)/Frameworks";
				LD_RUNPATH_SEARCH_PATHS = (
					"$(inherited)",
					"@executable_path/../Frameworks",
					"@loader_path/Frameworks",
				);
				MACOSX_DEPLOYMENT_TARGET = 12.3;
				MARKETING_VERSION = 1.0;
				PRODUCT_BUNDLE_IDENTIFIER = JausTechnology.Data;
				PRODUCT_NAME = "$(TARGET_NAME:c99extidentifier)";
				SDKROOT = macosx;
				SKIP_INSTALL = YES;
				SWIFT_EMIT_LOC_STRINGS = YES;
				SWIFT_VERSION = 5.0;
				VERSIONING_SYSTEM = "apple-generic";
				VERSION_INFO_PREFIX = "";
			};
			name = Debug;
		};
		7B7D1D2C2925C3330006EA36 /* Release */ = {
			isa = XCBuildConfiguration;
			buildSettings = {
				CODE_SIGN_STYLE = Automatic;
				COMBINE_HIDPI_IMAGES = YES;
				CURRENT_PROJECT_VERSION = 1;
				DEFINES_MODULE = YES;
				DEVELOPMENT_TEAM = U2RRJBJ9M2;
				DYLIB_COMPATIBILITY_VERSION = 1;
				DYLIB_CURRENT_VERSION = 1;
				DYLIB_INSTALL_NAME_BASE = "@rpath";
				GENERATE_INFOPLIST_FILE = YES;
				INFOPLIST_KEY_NSHumanReadableCopyright = "";
				INSTALL_PATH = "$(LOCAL_LIBRARY_DIR)/Frameworks";
				LD_RUNPATH_SEARCH_PATHS = (
					"$(inherited)",
					"@executable_path/../Frameworks",
					"@loader_path/Frameworks",
				);
				MACOSX_DEPLOYMENT_TARGET = 12.3;
				MARKETING_VERSION = 1.0;
				PRODUCT_BUNDLE_IDENTIFIER = JausTechnology.Data;
				PRODUCT_NAME = "$(TARGET_NAME:c99extidentifier)";
				SDKROOT = macosx;
				SKIP_INSTALL = YES;
				SWIFT_EMIT_LOC_STRINGS = YES;
				SWIFT_VERSION = 5.0;
				VERSIONING_SYSTEM = "apple-generic";
				VERSION_INFO_PREFIX = "";
			};
			name = Release;
		};
		7B7D1D2D2925C3330006EA36 /* Debug */ = {
			isa = XCBuildConfiguration;
			buildSettings = {
				ALWAYS_EMBED_SWIFT_STANDARD_LIBRARIES = YES;
				CODE_SIGN_STYLE = Automatic;
				CURRENT_PROJECT_VERSION = 1;
				DEVELOPMENT_TEAM = U2RRJBJ9M2;
				GENERATE_INFOPLIST_FILE = YES;
				MACOSX_DEPLOYMENT_TARGET = 12.3;
				MARKETING_VERSION = 1.0;
				PRODUCT_BUNDLE_IDENTIFIER = JausTechnology.DataTests;
				PRODUCT_NAME = "$(TARGET_NAME)";
				SDKROOT = macosx;
				SWIFT_EMIT_LOC_STRINGS = NO;
				SWIFT_VERSION = 5.0;
			};
			name = Debug;
		};
		7B7D1D2E2925C3330006EA36 /* Release */ = {
			isa = XCBuildConfiguration;
			buildSettings = {
				ALWAYS_EMBED_SWIFT_STANDARD_LIBRARIES = YES;
				CODE_SIGN_STYLE = Automatic;
				CURRENT_PROJECT_VERSION = 1;
				DEVELOPMENT_TEAM = U2RRJBJ9M2;
				GENERATE_INFOPLIST_FILE = YES;
				MACOSX_DEPLOYMENT_TARGET = 12.3;
				MARKETING_VERSION = 1.0;
				PRODUCT_BUNDLE_IDENTIFIER = JausTechnology.DataTests;
				PRODUCT_NAME = "$(TARGET_NAME)";
				SDKROOT = macosx;
				SWIFT_EMIT_LOC_STRINGS = NO;
				SWIFT_VERSION = 5.0;
			};
			name = Release;
		};
		7BEEB93428FE400500B0334A /* Debug */ = {
			isa = XCBuildConfiguration;
			buildSettings = {
				ALWAYS_SEARCH_USER_PATHS = NO;
				CLANG_ANALYZER_NONNULL = YES;
				CLANG_ANALYZER_NUMBER_OBJECT_CONVERSION = YES_AGGRESSIVE;
				CLANG_CXX_LANGUAGE_STANDARD = "gnu++20";
				CLANG_ENABLE_MODULES = YES;
				CLANG_ENABLE_OBJC_ARC = YES;
				CLANG_ENABLE_OBJC_WEAK = YES;
				CLANG_WARN_BLOCK_CAPTURE_AUTORELEASING = YES;
				CLANG_WARN_BOOL_CONVERSION = YES;
				CLANG_WARN_COMMA = YES;
				CLANG_WARN_CONSTANT_CONVERSION = YES;
				CLANG_WARN_DEPRECATED_OBJC_IMPLEMENTATIONS = YES;
				CLANG_WARN_DIRECT_OBJC_ISA_USAGE = YES_ERROR;
				CLANG_WARN_DOCUMENTATION_COMMENTS = YES;
				CLANG_WARN_EMPTY_BODY = YES;
				CLANG_WARN_ENUM_CONVERSION = YES;
				CLANG_WARN_INFINITE_RECURSION = YES;
				CLANG_WARN_INT_CONVERSION = YES;
				CLANG_WARN_NON_LITERAL_NULL_CONVERSION = YES;
				CLANG_WARN_OBJC_IMPLICIT_RETAIN_SELF = YES;
				CLANG_WARN_OBJC_LITERAL_CONVERSION = YES;
				CLANG_WARN_OBJC_ROOT_CLASS = YES_ERROR;
				CLANG_WARN_QUOTED_INCLUDE_IN_FRAMEWORK_HEADER = YES;
				CLANG_WARN_RANGE_LOOP_ANALYSIS = YES;
				CLANG_WARN_STRICT_PROTOTYPES = YES;
				CLANG_WARN_SUSPICIOUS_MOVE = YES;
				CLANG_WARN_UNGUARDED_AVAILABILITY = YES_AGGRESSIVE;
				CLANG_WARN_UNREACHABLE_CODE = YES;
				CLANG_WARN__DUPLICATE_METHOD_MATCH = YES;
				COPY_PHASE_STRIP = NO;
				DEBUG_INFORMATION_FORMAT = dwarf;
				ENABLE_STRICT_OBJC_MSGSEND = YES;
				ENABLE_TESTABILITY = YES;
				GCC_C_LANGUAGE_STANDARD = gnu11;
				GCC_DYNAMIC_NO_PIC = NO;
				GCC_NO_COMMON_BLOCKS = YES;
				GCC_OPTIMIZATION_LEVEL = 0;
				GCC_PREPROCESSOR_DEFINITIONS = (
					"DEBUG=1",
					"$(inherited)",
				);
				GCC_WARN_64_TO_32_BIT_CONVERSION = YES;
				GCC_WARN_ABOUT_RETURN_TYPE = YES_ERROR;
				GCC_WARN_UNDECLARED_SELECTOR = YES;
				GCC_WARN_UNINITIALIZED_AUTOS = YES_AGGRESSIVE;
				GCC_WARN_UNUSED_FUNCTION = YES;
				GCC_WARN_UNUSED_VARIABLE = YES;
				IPHONEOS_DEPLOYMENT_TARGET = 16.0;
				MTL_ENABLE_DEBUG_INFO = INCLUDE_SOURCE;
				MTL_FAST_MATH = YES;
				ONLY_ACTIVE_ARCH = YES;
				SDKROOT = iphoneos;
				SWIFT_ACTIVE_COMPILATION_CONDITIONS = DEBUG;
				SWIFT_OPTIMIZATION_LEVEL = "-Onone";
			};
			name = Debug;
		};
		7BEEB93528FE400500B0334A /* Release */ = {
			isa = XCBuildConfiguration;
			buildSettings = {
				ALWAYS_SEARCH_USER_PATHS = NO;
				CLANG_ANALYZER_NONNULL = YES;
				CLANG_ANALYZER_NUMBER_OBJECT_CONVERSION = YES_AGGRESSIVE;
				CLANG_CXX_LANGUAGE_STANDARD = "gnu++20";
				CLANG_ENABLE_MODULES = YES;
				CLANG_ENABLE_OBJC_ARC = YES;
				CLANG_ENABLE_OBJC_WEAK = YES;
				CLANG_WARN_BLOCK_CAPTURE_AUTORELEASING = YES;
				CLANG_WARN_BOOL_CONVERSION = YES;
				CLANG_WARN_COMMA = YES;
				CLANG_WARN_CONSTANT_CONVERSION = YES;
				CLANG_WARN_DEPRECATED_OBJC_IMPLEMENTATIONS = YES;
				CLANG_WARN_DIRECT_OBJC_ISA_USAGE = YES_ERROR;
				CLANG_WARN_DOCUMENTATION_COMMENTS = YES;
				CLANG_WARN_EMPTY_BODY = YES;
				CLANG_WARN_ENUM_CONVERSION = YES;
				CLANG_WARN_INFINITE_RECURSION = YES;
				CLANG_WARN_INT_CONVERSION = YES;
				CLANG_WARN_NON_LITERAL_NULL_CONVERSION = YES;
				CLANG_WARN_OBJC_IMPLICIT_RETAIN_SELF = YES;
				CLANG_WARN_OBJC_LITERAL_CONVERSION = YES;
				CLANG_WARN_OBJC_ROOT_CLASS = YES_ERROR;
				CLANG_WARN_QUOTED_INCLUDE_IN_FRAMEWORK_HEADER = YES;
				CLANG_WARN_RANGE_LOOP_ANALYSIS = YES;
				CLANG_WARN_STRICT_PROTOTYPES = YES;
				CLANG_WARN_SUSPICIOUS_MOVE = YES;
				CLANG_WARN_UNGUARDED_AVAILABILITY = YES_AGGRESSIVE;
				CLANG_WARN_UNREACHABLE_CODE = YES;
				CLANG_WARN__DUPLICATE_METHOD_MATCH = YES;
				COPY_PHASE_STRIP = NO;
				DEBUG_INFORMATION_FORMAT = "dwarf-with-dsym";
				ENABLE_NS_ASSERTIONS = NO;
				ENABLE_STRICT_OBJC_MSGSEND = YES;
				GCC_C_LANGUAGE_STANDARD = gnu11;
				GCC_NO_COMMON_BLOCKS = YES;
				GCC_WARN_64_TO_32_BIT_CONVERSION = YES;
				GCC_WARN_ABOUT_RETURN_TYPE = YES_ERROR;
				GCC_WARN_UNDECLARED_SELECTOR = YES;
				GCC_WARN_UNINITIALIZED_AUTOS = YES_AGGRESSIVE;
				GCC_WARN_UNUSED_FUNCTION = YES;
				GCC_WARN_UNUSED_VARIABLE = YES;
				IPHONEOS_DEPLOYMENT_TARGET = 16.0;
				MTL_ENABLE_DEBUG_INFO = NO;
				MTL_FAST_MATH = YES;
				SDKROOT = iphoneos;
				SWIFT_COMPILATION_MODE = wholemodule;
				SWIFT_OPTIMIZATION_LEVEL = "-O";
				VALIDATE_PRODUCT = YES;
			};
			name = Release;
		};
		7BEEB9492919E5E900B0334A /* Debug */ = {
			isa = XCBuildConfiguration;
			buildSettings = {
				CLANG_ENABLE_MODULES = YES;
				CODE_SIGN_STYLE = Automatic;
				COMBINE_HIDPI_IMAGES = YES;
				CURRENT_PROJECT_VERSION = 1;
				DEFINES_MODULE = YES;
				DEVELOPMENT_TEAM = U2RRJBJ9M2;
				DYLIB_COMPATIBILITY_VERSION = 1;
				DYLIB_CURRENT_VERSION = 1;
				DYLIB_INSTALL_NAME_BASE = "@rpath";
				GENERATE_INFOPLIST_FILE = YES;
				INFOPLIST_KEY_NSHumanReadableCopyright = "";
				INSTALL_PATH = "$(LOCAL_LIBRARY_DIR)/Frameworks";
				LD_RUNPATH_SEARCH_PATHS = (
					"$(inherited)",
					"@executable_path/../Frameworks",
					"@loader_path/Frameworks",
				);
				MACOSX_DEPLOYMENT_TARGET = 12.3;
				MARKETING_VERSION = 1.0;
				PRODUCT_BUNDLE_IDENTIFIER = JausTechnology.Domain;
				PRODUCT_NAME = "$(TARGET_NAME:c99extidentifier)";
				SDKROOT = macosx;
				SKIP_INSTALL = YES;
				SWIFT_EMIT_LOC_STRINGS = YES;
				SWIFT_OPTIMIZATION_LEVEL = "-Onone";
				SWIFT_VERSION = 5.0;
				VERSIONING_SYSTEM = "apple-generic";
				VERSION_INFO_PREFIX = "";
			};
			name = Debug;
		};
		7BEEB94A2919E5E900B0334A /* Release */ = {
			isa = XCBuildConfiguration;
			buildSettings = {
				CLANG_ENABLE_MODULES = YES;
				CODE_SIGN_STYLE = Automatic;
				COMBINE_HIDPI_IMAGES = YES;
				CURRENT_PROJECT_VERSION = 1;
				DEFINES_MODULE = YES;
				DEVELOPMENT_TEAM = U2RRJBJ9M2;
				DYLIB_COMPATIBILITY_VERSION = 1;
				DYLIB_CURRENT_VERSION = 1;
				DYLIB_INSTALL_NAME_BASE = "@rpath";
				GENERATE_INFOPLIST_FILE = YES;
				INFOPLIST_KEY_NSHumanReadableCopyright = "";
				INSTALL_PATH = "$(LOCAL_LIBRARY_DIR)/Frameworks";
				LD_RUNPATH_SEARCH_PATHS = (
					"$(inherited)",
					"@executable_path/../Frameworks",
					"@loader_path/Frameworks",
				);
				MACOSX_DEPLOYMENT_TARGET = 12.3;
				MARKETING_VERSION = 1.0;
				PRODUCT_BUNDLE_IDENTIFIER = JausTechnology.Domain;
				PRODUCT_NAME = "$(TARGET_NAME:c99extidentifier)";
				SDKROOT = macosx;
				SKIP_INSTALL = YES;
				SWIFT_EMIT_LOC_STRINGS = YES;
				SWIFT_VERSION = 5.0;
				VERSIONING_SYSTEM = "apple-generic";
				VERSION_INFO_PREFIX = "";
			};
			name = Release;
		};
/* End XCBuildConfiguration section */

/* Begin XCConfigurationList section */
		7B7D1D2F2925C3330006EA36 /* Build configuration list for PBXNativeTarget "Data" */ = {
			isa = XCConfigurationList;
			buildConfigurations = (
				7B7D1D2B2925C3330006EA36 /* Debug */,
				7B7D1D2C2925C3330006EA36 /* Release */,
			);
			defaultConfigurationIsVisible = 0;
			defaultConfigurationName = Release;
		};
		7B7D1D302925C3330006EA36 /* Build configuration list for PBXNativeTarget "DataTests" */ = {
			isa = XCConfigurationList;
			buildConfigurations = (
				7B7D1D2D2925C3330006EA36 /* Debug */,
				7B7D1D2E2925C3330006EA36 /* Release */,
			);
			defaultConfigurationIsVisible = 0;
			defaultConfigurationName = Release;
		};
		7BEEB90D28FE400400B0334A /* Build configuration list for PBXProject "CleanArchitectureMobile" */ = {
			isa = XCConfigurationList;
			buildConfigurations = (
				7BEEB93428FE400500B0334A /* Debug */,
				7BEEB93528FE400500B0334A /* Release */,
			);
			defaultConfigurationIsVisible = 0;
			defaultConfigurationName = Release;
		};
		7BEEB9482919E5E900B0334A /* Build configuration list for PBXNativeTarget "Domain" */ = {
			isa = XCConfigurationList;
			buildConfigurations = (
				7BEEB9492919E5E900B0334A /* Debug */,
				7BEEB94A2919E5E900B0334A /* Release */,
			);
			defaultConfigurationIsVisible = 0;
			defaultConfigurationName = Release;
		};
/* End XCConfigurationList section */
	};
	rootObject = 7BEEB90A28FE400400B0334A /* Project object */;
}
